
Microsoft Visual Studio Solution File, Format Version 12.00
# Visual Studio Version 17
VisualStudioVersion = 17.14.36310.24 d17.14
MinimumVisualStudioVersion = 10.0.40219.1
Project("{FAE04EC0-301F-11D3-BF4B-00C04F79EFBC}") = "Docker.Compose.API", "Docker.Compose.API\Docker.Compose.API.csproj", "{30022CC4-1C4A-486F-96BB-C346519BFC57}"
EndProject
Project("{2150E333-8FDC-42A3-9474-1A3956D46DE8}") = "Solution Items", "Solution Items", "{754FC069-D67B-A9D7-50A1-8D1CA196D8F1}"
	ProjectSection(SolutionItems) = preProject
		docker-compose.yml = docker-compose.yml
	EndProjectSection
EndProject
Global
	GlobalSection(SolutionConfigurationPlatforms) = preSolution
		Debug|Any CPU = Debug|Any CPU
		Release|Any CPU = Release|Any CPU
	EndGlobalSection
	GlobalSection(ProjectConfigurationPlatforms) = postSolution
		{30022CC4-1C4A-486F-96BB-C346519BFC57}.Debug|Any CPU.ActiveCfg = Debug|Any CPU
		{30022CC4-1C4A-486F-96BB-C346519BFC57}.Debug|Any CPU.Build.0 = Debug|Any CPU
		{30022CC4-1C4A-486F-96BB-C346519BFC57}.Release|Any CPU.ActiveCfg = Release|Any CPU
		{30022CC4-1C4A-486F-96BB-C346519BFC57}.Release|Any CPU.Build.0 = Release|Any CPU
	EndGlobalSection
	GlobalSection(SolutionProperties) = preSolution
		HideSolutionNode = FALSE
	EndGlobalSection
	GlobalSection(ExtensibilityGlobals) = postSolution
		SolutionGuid = {67CFFAE9-2864-44CA-9296-419DBCAA6EA7}
	EndGlobalSection
EndGlobal
